# This file is automatically @generated by Cargo.
# It is not intended for manual editing.
version = 4

[[package]]
name = "calculator"
version = "0.1.0"
dependencies = [
 "rux_gui",
]

[[package]]
name = "clock"
version = "0.1.0"
dependencies = [
 "rux_gui",
]

[[package]]
name = "desktop"
version = "0.1.0"
dependencies = [
 "rux_gui",
]

[[package]]
name = "fork_test"
version = "0.1.0"

[[package]]
name = "rux_gui"
version = "0.1.0"

[[package]]
name = "vshell"
version = "0.1.0"
dependencies = [
 "rux_gui",
]
